PODS:
  - Alamofire (4.8.2)
  - Realm (3.16.2):
    - Realm/Headers (= 3.16.2)
  - Realm/Headers (3.16.2)
  - RealmSwift (3.16.2):
    - Realm (= 3.16.2)
  - Swinject (2.6.1)
  - SwinjectStoryboard (2.2.0):
    - Swinject (~> 2.6)

DEPENDENCIES:
  - Alamofire (~> 4.8.2)
  - RealmSwift (~> 3.0)
  - Swinject (~> 2.6)
  - SwinjectStoryboard (= 2.2)

SPEC REPOS:
  https://github.com/cocoapods/specs.git:
    - Alamofire
    - Realm
    - RealmSwift
    - Swinject
    - SwinjectStoryboard

SPEC CHECKSUMS:
  Alamofire: ae5c501addb7afdbb13687d7f2f722c78734c2d3
  Realm: 0e73b4edeb5b6a90da3d83206883b2e34e00eb38
  RealmSwift: a81e650171ef0a5f999df1ed8d39ba8d6fce88a4
  Swinject: b624462f47b635a64f89a60a247baa5fccec14e1
  SwinjectStoryboard: 32512ef16c2b0ff5b8f823b23539c4a50f6d3383

PODFILE CHECKSUM: f9f110cded8709ec9f16bd61609d2a60865ec164

COCOAPODS: 1.6.0
